
Microsoft Visual Studio Solution File, Format Version 12.00
# Visual Studio Version 17
VisualStudioVersion = 17.6.33815.320
MinimumVisualStudioVersion = 10.0.40219.1
Project("{FAE04EC0-301F-11D3-BF4B-00C04F79EFBC}") = "Factory Design Pattern", "Factory Design Pattern.csproj", "{28BD9375-5ACC-444D-9757-FD7236C35FBB}"
EndProject
Global
	GlobalSection(SolutionConfigurationPlatforms) = preSolution
		Debug|Any CPU = Debug|Any CPU
		Release|Any CPU = Release|Any CPU
	EndGlobalSection
	GlobalSection(ProjectConfigurationPlatforms) = postSolution
		{28BD9375-5ACC-444D-9757-FD7236C35FBB}.Debug|Any CPU.ActiveCfg = Debug|Any CPU
		{28BD9375-5ACC-444D-9757-FD7236C35FBB}.Debug|Any CPU.Build.0 = Debug|Any CPU
		{28BD9375-5ACC-444D-9757-FD7236C35FBB}.Release|Any CPU.ActiveCfg = Release|Any CPU
		{28BD9375-5ACC-444D-9757-FD7236C35FBB}.Release|Any CPU.Build.0 = Release|Any CPU
	EndGlobalSection
	GlobalSection(SolutionProperties) = preSolution
		HideSolutionNode = FALSE
	EndGlobalSection
	GlobalSection(ExtensibilityGlobals) = postSolution
		SolutionGuid = {0332AE02-8887-476F-858F-7D6B93AA4C7D}
	EndGlobalSection
EndGlobal
